# agora-pins: sha256:3f930cab89943144d13f085b1177498726352f413431dcf4b7478fb342187031
uharfbuzz==0.56.2 \
    --hash=sha256:0273e92706d2a4aca3bae4612becc170c21e0e5d36195491dc367221a7f18a70 \
    --hash=sha256:07299fa7dbcefd63bd23c9b87b4456cad1c314089deee9654f1a84c594f1f005 \
    --hash=sha256:11c91af9678d8df46b8d4ce98dc49d892ee96445721427f90cdcbf18e71247b5 \
    --hash=sha256:1d9729f111c9b269ca997f1f17c774ec77c9a8f562e26143525c4fa70475b5cb \
    --hash=sha256:303cd60c329bc4d88053ca03eb752476b51ca023944051c33710534dbc4fdac6 \
    --hash=sha256:3745a5483aef5f2c8604f0154100a659fe2344da1f969429cc1fa655b2239624 \
    --hash=sha256:393a650a42bfefe9b92e5dbc5db60b341920791cfabc7a20c8563c3e24ba60db \
    --hash=sha256:49450c32c32d7ea5e0a36211c08dc4b8c5b76460ec09532a8c77baa297c98792 \
    --hash=sha256:51e4173a16bd7747b16d654120198b086a1f98e1178351a1cdbefa5c40bf2b10 \
    --hash=sha256:5d926745fc0b132f152d7b184e6d15bfbfa987a190963c2f841cf046c4bdc4e2 \
    --hash=sha256:7c54e61a338c4e1609d5152737f50d8db4edc204a795ad5e318be08fd7fa2a3d \
    --hash=sha256:879457ff2ba12e3c24fca1a3664575000a339e7080e1488e70ae06b8aee2effb \
    --hash=sha256:99aacca583273f5264d3d1a116d69d950034afd795edc74ba96faeb4c27ce8d2 \
    --hash=sha256:b11a4db946cd73796c4b900f4134d15e217327eba9d09657afe4b101d18bf043 \
    --hash=sha256:f058d70848312366e82068ebef54ead53269bdf34e893c25a3174ea1f5c6d2d3
