# @generated - this file is auto-generated by `mise lock` https://mise.jdx.dev/dev-tools/mise-lock.html

lockfile_version = 3

[[tools."http:asciidoctor"]]
version = "3.0.1"
backend = "http:asciidoctor"
specifiers = ["3.0.1"]

[tools."http:asciidoctor".options]
strip_components = "1"

[tools."http:asciidoctor"."platforms.linux-arm64"]
checksum = "sha256:18b085b7f67a7f872abe00352be5caacd9b436400aec27f838c6380077cb88bf"
url = "https://repo1.maven.org/maven2/org/asciidoctor/asciidoctorj/3.0.1/asciidoctorj-3.0.1-bin.zip"

[tools."http:asciidoctor"."platforms.linux-x64"]
checksum = "sha256:18b085b7f67a7f872abe00352be5caacd9b436400aec27f838c6380077cb88bf"
url = "https://repo1.maven.org/maven2/org/asciidoctor/asciidoctorj/3.0.1/asciidoctorj-3.0.1-bin.zip"

[[tools."http:asciidoctor-pdf"]]
version = "2.3.27"
backend = "http:asciidoctor-pdf"
specifiers = ["2.3.27"]

[tools."http:asciidoctor-pdf".options]
strip_components = "0"

[tools."http:asciidoctor-pdf"."platforms.linux-arm64"]
checksum = "sha256:f7a3d702e7a4bc86d420c7b59a25d81a7e927dea1579a515c5a704341f3b5463"
url = "https://repo1.maven.org/maven2/org/asciidoctor/asciidoctorj-pdf/2.3.27/asciidoctorj-pdf-2.3.27.jar"

[tools."http:asciidoctor-pdf"."platforms.linux-x64"]
checksum = "sha256:f7a3d702e7a4bc86d420c7b59a25d81a7e927dea1579a515c5a704341f3b5463"
url = "https://repo1.maven.org/maven2/org/asciidoctor/asciidoctorj-pdf/2.3.27/asciidoctorj-pdf-2.3.27.jar"

[[tools."http:chromium"]]
version = "1.50.0"
backend = "http:chromium"
specifiers = ["1.50.0"]

[tools."http:chromium".options]
strip_components = "1"

[tools."http:chromium"."platforms.linux-arm64"]
checksum = "sha256:61110a15751b15e502806963f2604682a315cbf10fe55827625df879de1b574f"
url = "https://cdn.playwright.dev/dbazure/download/playwright/builds/chromium/1155/chromium-linux-arm64.zip"

[tools."http:chromium"."platforms.linux-x64"]
checksum = "sha256:cadb84ee9dd3b3a5ce435175c2e39c585c90457292358534acf6e6f2f1fa248d"
url = "https://cdn.playwright.dev/dbazure/download/playwright/builds/chromium/1155/chromium-linux.zip"

[[tools."http:jre"]]
version = "21.0.12.1+1"
backend = "http:jre"
specifiers = ["21.0.12.1+1"]

[tools."http:jre".options]
strip_components = "1"

[tools."http:jre"."platforms.linux-arm64"]
checksum = "sha256:14be1f35ebdbd1f6e8d57eb911a3ffb74d6d9aa255abc5daf2b1302002cf2cf2"
url = "https://github.com/adoptium/temurin21-binaries/releases/download/jdk-21.0.12.1%2B1/OpenJDK21U-jre_aarch64_linux_hotspot_21.0.12.1_1.tar.gz"

[tools."http:jre"."platforms.linux-x64"]
checksum = "sha256:2413149700df0f7d440500a84a8f764c535f21e5a5e87d38328b64eec2c5b500"
url = "https://github.com/adoptium/temurin21-binaries/releases/download/jdk-21.0.12.1%2B1/OpenJDK21U-jre_x64_linux_hotspot_21.0.12.1_1.tar.gz"

[[tools."http:tex-contour"]]
version = "77677"
backend = "http:tex-contour"
specifiers = ["77677"]

[tools."http:tex-contour".options]
strip_components = "0"

[tools."http:tex-contour"."platforms.linux-x64"]
checksum = "sha256:eba00e2e57f443fdc1fedf4c78cd1edf9a9db07132dd1aeac77ada68ac54ec01"
url = "https://ftp.math.utah.edu/pub/tex/historic/systems/texlive/2025/tlnet-final/archive/contour.tar.xz"

[[tools."http:tex-fvextra"]]
version = "78177"
backend = "http:tex-fvextra"
specifiers = ["78177"]

[tools."http:tex-fvextra".options]
strip_components = "0"

[tools."http:tex-fvextra"."platforms.linux-x64"]
checksum = "sha256:dda52979465c78211c0654eb1766e39da2fc3d26b769a2f6f4e0ac80784a56eb"
url = "https://ftp.math.utah.edu/pub/tex/historic/systems/texlive/2025/tlnet-final/archive/fvextra.tar.xz"

[[tools."http:tex-luacode"]]
version = "77677"
backend = "http:tex-luacode"
specifiers = ["77677"]

[tools."http:tex-luacode".options]
strip_components = "0"

[tools."http:tex-luacode"."platforms.linux-x64"]
checksum = "sha256:63d15329afca2b7dba467abeab4399062ae8a1fa3127172cf2579f9efaa98848"
url = "https://ftp.math.utah.edu/pub/tex/historic/systems/texlive/2025/tlnet-final/archive/luacode.tar.xz"

[[tools."http:tex-marginfix"]]
version = "77677"
backend = "http:tex-marginfix"
specifiers = ["77677"]

[tools."http:tex-marginfix".options]
strip_components = "0"

[tools."http:tex-marginfix"."platforms.linux-x64"]
checksum = "sha256:7fa32c7db9de8b412d0090dbd2b395d0639ca5cf343aec6a425ec5594615353b"
url = "https://ftp.math.utah.edu/pub/tex/historic/systems/texlive/2025/tlnet-final/archive/marginfix.tar.xz"

[[tools."http:tex-microtype"]]
version = "78231"
backend = "http:tex-microtype"
specifiers = ["78231"]

[tools."http:tex-microtype".options]
strip_components = "0"

[tools."http:tex-microtype"."platforms.linux-x64"]
checksum = "sha256:57b380b27006b34c5cc8fe20a0ceb0e3da848f397c5607b40f2c270055197ebe"
url = "https://ftp.math.utah.edu/pub/tex/historic/systems/texlive/2025/tlnet-final/archive/microtype.tar.xz"

[[tools."http:tex-newunicodechar"]]
version = "77677"
backend = "http:tex-newunicodechar"
specifiers = ["77677"]

[tools."http:tex-newunicodechar".options]
strip_components = "0"

[tools."http:tex-newunicodechar"."platforms.linux-x64"]
checksum = "sha256:e819735ecd3bfd6711520e949a21aa59eadcb7709adb34d4dd1ccac1f3f22285"
url = "https://ftp.math.utah.edu/pub/tex/historic/systems/texlive/2025/tlnet-final/archive/newunicodechar.tar.xz"

[[tools."http:tex-textpos"]]
version = "77677"
backend = "http:tex-textpos"
specifiers = ["77677"]

[tools."http:tex-textpos".options]
strip_components = "0"

[tools."http:tex-textpos"."platforms.linux-x64"]
checksum = "sha256:0948cc29ff8bcea56667362073c96c8ae381c4d719ede44690885fbb24439e36"
url = "https://ftp.math.utah.edu/pub/tex/historic/systems/texlive/2025/tlnet-final/archive/textpos.tar.xz"

[[tools."http:tex-xurl"]]
version = "77677"
backend = "http:tex-xurl"
specifiers = ["77677"]

[tools."http:tex-xurl".options]
strip_components = "0"

[tools."http:tex-xurl"."platforms.linux-x64"]
checksum = "sha256:6f5ab54b384710ed7a9c1f43cb6f4fbb8e7f8564a545ec16c565375ceb4dd95e"
url = "https://ftp.math.utah.edu/pub/tex/historic/systems/texlive/2025/tlnet-final/archive/xurl.tar.xz"

[[tools."http:tinytex"]]
version = "2026.03"
backend = "http:tinytex"
specifiers = ["2026.03"]

[tools."http:tinytex".options]
strip_components = "1"

[tools."http:tinytex"."platforms.linux-x64"]
checksum = "sha256:3bb654f650582508155ea2027fc0fd6b2fdc3cd7413f986a66714662cff8bdc2"
url = "https://github.com/rstudio/tinytex-releases/releases/download/v2026.03/TinyTeX-v2026.03.tar.gz"

[[tools.node]]
version = "22.20.0"
backend = "core:node"
specifiers = ["22.20.0"]

[tools.node."platforms.linux-arm64"]
checksum = "sha256:4181609e03dcb9880e7e5bf956061ecc0503c77a480c6631d868cb1f65a2c7dd"
url = "https://nodejs.org/dist/v22.20.0/node-v22.20.0-linux-arm64.tar.gz"

[tools.node."platforms.linux-x64"]
checksum = "sha256:eeaccb0378b79406f2208e8b37a62479c70595e20be6b659125eb77dd1ab2a29"
url = "https://nodejs.org/dist/v22.20.0/node-v22.20.0-linux-x64.tar.gz"

[[tools."npm:@openedx/paragon"]]
version = "23.23.0"
aube = { path = "locks/npm-openedx-paragon/23.23.0", digest = "sha256:86e41ba0a9f884d82c498ec2e40df48f69ec57d54237d8c1c47abe2a0bc39d0d" }
backend = "npm:@openedx/paragon"
specifiers = ["23.23.0"]

[[tools."npm:playwright"]]
version = "1.50.0"
aube = { path = "locks/npm-playwright/1.50.0", digest = "sha256:e85823c874f8dd08986baa54e4a2acf9c367284e4fe41deb6adad6b0fbba8c7a" }
backend = "npm:playwright"
specifiers = ["1.50.0"]

[[tools.python]]
version = "3.13.16"
backend = "core:python"
specifiers = ["3.13.16"]

[tools.python."platforms.linux-arm64"]
checksum = "sha256:6e9641400f8debd9b7924b27b5ff0662c372852382e291a76c450c7b67414cf6"
url = "https://github.com/astral-sh/python-build-standalone/releases/download/20261003/cpython-3.13.16+20261003-aarch64-unknown-linux-gnu-install_only_stripped.tar.gz"
provenance = "github-attestations"

[tools.python."platforms.linux-x64"]
checksum = "sha256:4595c5589fff7bf0cb158d9a88a797e0d791fa33830770fcb7bf3f4b104feeae"
url = "https://github.com/astral-sh/python-build-standalone/releases/download/20261003/cpython-3.13.16+20261003-x86_64-unknown-linux-gnu-install_only_stripped.tar.gz"
provenance = "github-attestations"

[[tools.uv]]
version = "0.12.23"
backend = "aqua:astral-sh/uv"
specifiers = ["0.12.23"]

[tools.uv."platforms.linux-arm64"]
checksum = "sha256:6524bd338177ed50d035d39354e12545e993bbeba2ecbddf0480c5b3a81d313f"
url = "https://github.com/astral-sh/uv/releases/download/0.12.23/uv-aarch64-unknown-linux-gnu.tar.gz"
url_api = "https://api.github.com/repos/astral-sh/uv/releases/assets/608232491"
provenance = "github-attestations"

[tools.uv."platforms.linux-x64"]
checksum = "sha256:9167d72b3319674b6303c4cbe071854bba13ebdf3d76b1a7cbdc175471fb66d6"
url = "https://github.com/astral-sh/uv/releases/download/0.12.23/uv-x86_64-unknown-linux-gnu.tar.gz"
url_api = "https://api.github.com/repos/astral-sh/uv/releases/assets/608232628"
provenance = "github-attestations"
